// !$*UTF8*$!
{
	archiveVersion = 1;
	classes = {
	};
	objectVersion = 77;
	objects = {

/* Begin PBXBuildFile section */
		00C6C802DB77AA322E48EB1B /* ShareFruitLogicTests.swift in Sources */ = {isa = PBXBuildFile; fileRef = F6F410B89DC7790278D280E2 /* ShareFruitLogicTests.swift */; };
		01B969F9B736A4C8258A8AAF /* StationProgress.swift in Sources */ = {isa = PBXBuildFile; fileRef = EB3CDE5676CB87A20F3E0B33 /* StationProgress.swift */; };
		01E8C5240C61FACE54312723 /* NoomRenderer.swift in Sources */ = {isa = PBXBuildFile; fileRef = AC202FF20BF8B9C9D5E876A9 /* NoomRenderer.swift */; };
		05E9E883F9EA4E8B2FCECA6B /* fruit_pick.wav in Resources */ = {isa = PBXBuildFile; fileRef = DE18C6ECC0DA191A89CA915E /* fruit_pick.wav */; };
		0759F6E3107B969B90869C0A /* BasicReportView.swift in Sources */ = {isa = PBXBuildFile; fileRef = 2BB6F11200DCE12E501F6F0A /* BasicReportView.swift */; };
		087CB3E331AB2662E7AA9257 /* QuestionRecord.swift in Sources */ = {isa = PBXBuildFile; fileRef = AF92351482E0AA4A886C3F46 /* QuestionRecord.swift */; };
		09758ACC61056C68DD5C924A /* EyeCareManager.swift in Sources */ = {isa = PBXBuildFile; fileRef = CD3346700B718F8495EE4352 /* EyeCareManager.swift */; };
		09FDE69EE1B2EA4E2D36452B /* eye_care.aiff in Resources */ = {isa = PBXBuildFile; fileRef = 0E5DA5AADB88267E3850EAF5 /* eye_care.aiff */; };
		0D863C203BECF6C3D3EA13DD /* NoomChallengeScene.swift in Sources */ = {isa = PBXBuildFile; fileRef = AF2D3CDD5B64A12F1521B294 /* NoomChallengeScene.swift */; };
		0DC967DA6DBBF0122EDDB838 /* HomeView.swift in Sources */ = {isa = PBXBuildFile; fileRef = 31873A70D02219C3C54E64A9 /* HomeView.swift */; };
		119D1A6A4B9696A64846FEEC /* OrchardEditView.swift in Sources */ = {isa = PBXBuildFile; fileRef = 76CF2797BB0B9C5FB2F7A037 /* OrchardEditView.swift */; };
		185AE7E8833D327E12B076F9 /* correct_01.aiff in Resources */ = {isa = PBXBuildFile; fileRef = FCC8845E4E0EE3DC8E774D4D /* correct_01.aiff */; };
		1A9D416FD999C1A609F2C0FD /* TreeGrowthViewModel.swift in Sources */ = {isa = PBXBuildFile; fileRef = 94C9E931859DEF6C2A5CBD12 /* TreeGrowthViewModel.swift */; };
		1AA96E102102F42CAAE7CD8F /* NoomChallengeView.swift in Sources */ = {isa = PBXBuildFile; fileRef = 1F7E067CF1575D00668ACDF0 /* NoomChallengeView.swift */; };
		1AB00DEF60A8CAB67510C272 /* BalanceView.swift in Sources */ = {isa = PBXBuildFile; fileRef = 9D12D41600FAE9DAFD3D5E4B /* BalanceView.swift */; };
		1D97DFC6CF221E41A3CA3D08 /* correct_02.aiff in Resources */ = {isa = PBXBuildFile; fileRef = 225B71C728EF8634CFFA8920 /* correct_02.aiff */; };
		1F327F704CE207EA4EAC67F3 /* NoomSplitLogic.swift in Sources */ = {isa = PBXBuildFile; fileRef = B5A021CAD39EF5F8DAF974DD /* NoomSplitLogic.swift */; };
		1F6D8246E9F38FAA301AF234 /* correct_05.aiff in Resources */ = {isa = PBXBuildFile; fileRef = 4E4EDC77EC71DB9F41595670 /* correct_05.aiff */; };
		28DE172458CC22794974AC32 /* NumberOrchardApp.swift in Sources */ = {isa = PBXBuildFile; fileRef = 74B873C51B1E09BC11239F0B /* NumberOrchardApp.swift */; };
		2ADB4691A50F66D36C648D6E /* NoomQuestionGeneratorTests.swift in Sources */ = {isa = PBXBuildFile; fileRef = E8439E1819D944601B74054F /* NoomQuestionGeneratorTests.swift */; };
		2BEA113849052AD21A1C2DA3 /* combo_03.aiff in Resources */ = {isa = PBXBuildFile; fileRef = D06D30700762F4165EBD7CE3 /* combo_03.aiff */; };
		2EDC9FAA6BA46D1E812F7CFE /* SettingsView.swift in Sources */ = {isa = PBXBuildFile; fileRef = D4D0F26120F1022C22185A90 /* SettingsView.swift */; };
		3091EFA73A8985DD336D9C2A /* PickFruitScene.swift in Sources */ = {isa = PBXBuildFile; fileRef = CADC8A418254297E72F86954 /* PickFruitScene.swift */; };
		31C1B5B12043369C95EAD022 /* home_bgm.wav in Resources */ = {isa = PBXBuildFile; fileRef = A45D7E24218840C081D2711C /* home_bgm.wav */; };
		3291A8894AC4CC367DE1DE20 /* ExplorationMapViewModel.swift in Sources */ = {isa = PBXBuildFile; fileRef = 3A6F591402A2A70FC6588965 /* ExplorationMapViewModel.swift */; };
		3429843323A048D9A3E03C64 /* correct.wav in Resources */ = {isa = PBXBuildFile; fileRef = 9452C4C6F4C0CBA089556782 /* correct.wav */; };
		34394284F406C56730D61DE1 /* ExplorationMapView.swift in Sources */ = {isa = PBXBuildFile; fileRef = 74290E47C61364EE77542658 /* ExplorationMapView.swift */; };
		34DFD7D4AEA20293BED88E88 /* MapProgressionLogic.swift in Sources */ = {isa = PBXBuildFile; fileRef = 657E3FED607855E96CCD1DD9 /* MapProgressionLogic.swift */; };
		35626976F61FA247618FFFCD /* AudioManager.swift in Sources */ = {isa = PBXBuildFile; fileRef = 02BF67ED2B785DD79D28846F /* AudioManager.swift */; };
		367C8CF3CDBBC9D1F677E156 /* fruit_drop.wav in Resources */ = {isa = PBXBuildFile; fileRef = 6716849999AC43443891C7D4 /* fruit_drop.wav */; };
		3699E75146A40F203610453B /* FruitCatalog.swift in Sources */ = {isa = PBXBuildFile; fileRef = DA97A8495EFFF1EF96933A5B /* FruitCatalog.swift */; };
		36ACDC3D143601E3A2E70C09 /* NoomForestView.swift in Sources */ = {isa = PBXBuildFile; fileRef = B4D7BBE76755CE793324D73D /* NoomForestView.swift */; };
		38827EF7F89FB3860E7AFE68 /* correct_03.aiff in Resources */ = {isa = PBXBuildFile; fileRef = CE486D1905D0928C0C65380F /* correct_03.aiff */; };
		3937E775F90238CF3C265E70 /* balance.wav in Resources */ = {isa = PBXBuildFile; fileRef = 6BF89DFC78ABA035C5FD2687 /* balance.wav */; };
		3A924772A2997942BE464F32 /* NumberTrainScene.swift in Sources */ = {isa = PBXBuildFile; fileRef = B4C2612A326CC5ACD9F2B62D /* NumberTrainScene.swift */; };
		3BCD91B13F5DB3093802DA0C /* MapCatalog.swift in Sources */ = {isa = PBXBuildFile; fileRef = 43B5F110839E77BCA7F6E418 /* MapCatalog.swift */; };
		3CD21FE04267865A22939A00 /* L5L6GenerationTests.swift in Sources */ = {isa = PBXBuildFile; fileRef = B032E93606C6F6A5C51AE38A /* L5L6GenerationTests.swift */; };
		3DA4CBF39253A04C5F7B62DD /* PickFruitLogicTests.swift in Sources */ = {isa = PBXBuildFile; fileRef = 867E0F2F2E0A9D8CB23BC3F4 /* PickFruitLogicTests.swift */; };
		3FD5934316B6213C4BB38D0B /* ChildProfile.swift in Sources */ = {isa = PBXBuildFile; fileRef = C55BCA8BA3BAF404288DA582 /* ChildProfile.swift */; };
		403C228C46DD174FE148BD7A /* DecorationCatalog.swift in Sources */ = {isa = PBXBuildFile; fileRef = C6219AA0C32C4ADE8710C404 /* DecorationCatalog.swift */; };
		42A248AD182B20E6B6D95592 /* CollectedNoomTests.swift in Sources */ = {isa = PBXBuildFile; fileRef = C98A9C6C3C849D2410D33761 /* CollectedNoomTests.swift */; };
		4457D6DBFB67C06388E084C0 /* LearningProfile.swift in Sources */ = {isa = PBXBuildFile; fileRef = B856776C53534150F3C9334F /* LearningProfile.swift */; };
		44B006F9FAA275C62DD55DE8 /* wrong.wav in Resources */ = {isa = PBXBuildFile; fileRef = A833ED9961A1756FCB64C057 /* wrong.wav */; };
		4B982840B4B8DC7F66D1356B /* correct_04.aiff in Resources */ = {isa = PBXBuildFile; fileRef = FA44B685768E893018DAF829 /* correct_04.aiff */; };
		4DC3C25A478ECDED5F2135BD /* NoomMergeLogicTests.swift in Sources */ = {isa = PBXBuildFile; fileRef = B44063B24A5450B805BB9940 /* NoomMergeLogicTests.swift */; };
		4E39CA0413A41901DD1F2FC2 /* BattleViewModel.swift in Sources */ = {isa = PBXBuildFile; fileRef = B24733C5494D1270BF18130E /* BattleViewModel.swift */; };
		4FAA3D31D9B0FC8C7421DCD7 /* star_collect.wav in Resources */ = {isa = PBXBuildFile; fileRef = 5F340C2BFBEBDD6E139E7FCC /* star_collect.wav */; };
		5051AF2EDE3B6BB5078C9E4F /* TreeGrowthView.swift in Sources */ = {isa = PBXBuildFile; fileRef = E0D312CD201087A41E437EE1 /* TreeGrowthView.swift */; };
		53426505444B3FCD1EB344CE /* CollectedFruit.swift in Sources */ = {isa = PBXBuildFile; fileRef = B8FA96B7494F81635AF6E301 /* CollectedFruit.swift */; };
		556792948EBD7FB6269FC285 /* MapProgressionLogicTests.swift in Sources */ = {isa = PBXBuildFile; fileRef = 5DFBED41867EE40C38EF9EB4 /* MapProgressionLogicTests.swift */; };
		5838DE7F03C5C7037EF0C7D1 /* RewardCalculatorTests.swift in Sources */ = {isa = PBXBuildFile; fileRef = B53B3DE3B2195B1878609A78 /* RewardCalculatorTests.swift */; };
		59CEED9C0DB2C64746AEB92B /* NoomMergeLogic.swift in Sources */ = {isa = PBXBuildFile; fileRef = 0574632CFB25276D06066DA8 /* NoomMergeLogic.swift */; };
		5D07A6D24DEC9AB1C988C905 /* adventure_bgm.wav in Resources */ = {isa = PBXBuildFile; fileRef = F84E6B8AED86EEA2DD5911B1 /* adventure_bgm.wav */; };
		65EB313F2D50B6360F71C079 /* QuestionGeneratorTests.swift in Sources */ = {isa = PBXBuildFile; fileRef = 7371076232AB2040023448E2 /* QuestionGeneratorTests.swift */; };
		699697391AA5E9ABF895DE97 /* ShareFruitScene.swift in Sources */ = {isa = PBXBuildFile; fileRef = 04066175F83F93B3EA8399FE /* ShareFruitScene.swift */; };
		69DA0892B5865BD4CBBE6779 /* idle_hint.aiff in Resources */ = {isa = PBXBuildFile; fileRef = FC5747B52D2567AB5400E83D /* idle_hint.aiff */; };
		6B9820C7D6EA2726A0C9E65E /* Noom.swift in Sources */ = {isa = PBXBuildFile; fileRef = 75B52E7B8B906410D0B8C918 /* Noom.swift */; };
		6C8CD1ED18BC4F15CDC91317 /* BalanceLogicTests.swift in Sources */ = {isa = PBXBuildFile; fileRef = 61EC017E169CEF105B83409D /* BalanceLogicTests.swift */; };
		6D6DC4422294A775C4EDE4B9 /* ParentBattleTests.swift in Sources */ = {isa = PBXBuildFile; fileRef = 41E80F72FC3867F22830FC41 /* ParentBattleTests.swift */; };
		6DF427575DC41DB9B81DA099 /* CollectedNoom.swift in Sources */ = {isa = PBXBuildFile; fileRef = 4B7242DB6ACB4C624D689D4D /* CollectedNoom.swift */; };
		75A384440A662CAEF58C193A /* welcome.aiff in Resources */ = {isa = PBXBuildFile; fileRef = B0A3499562F1D16E7DAEB485 /* welcome.aiff */; };
		7AD669ED61EE9C50091794FD /* DecorationPurchaseLogic.swift in Sources */ = {isa = PBXBuildFile; fileRef = 8D68C640AC4EA0111CA49A97 /* DecorationPurchaseLogic.swift */; };
		7BA2B379DC698CDE5195C2EC /* NoomForestViewModel.swift in Sources */ = {isa = PBXBuildFile; fileRef = 60329F20E7582CA16889E1AB /* NoomForestViewModel.swift */; };
		7C76D720642EB525CB5E7154 /* wrong_help.aiff in Resources */ = {isa = PBXBuildFile; fileRef = D6DF7776B757FA1C3868920B /* wrong_help.aiff */; };
		7FD391BDEC66EC23F8DA48C7 /* combo_05.aiff in Resources */ = {isa = PBXBuildFile; fileRef = A87466AB46A614DE7EDA2DB2 /* combo_05.aiff */; };
		809C8AB283D466A882D7D97C /* ShareFruitView.swift in Sources */ = {isa = PBXBuildFile; fileRef = C722CF93A91A5FEFD481A656 /* ShareFruitView.swift */; };
		8146CECFFE7FBE2EAF6949E8 /* Assets.xcassets in Resources */ = {isa = PBXBuildFile; fileRef = C086DE626E123BF698F83460 /* Assets.xcassets */; };
		8274429A906D497B48987193 /* OrchardStateTests.swift in Sources */ = {isa = PBXBuildFile; fileRef = 650B25FD8B3C008CA6632525 /* OrchardStateTests.swift */; };
		841262A765119064A349A2B2 /* NoomQuestionGenerator.swift in Sources */ = {isa = PBXBuildFile; fileRef = FFB36B19CCBC1612F48026A4 /* NoomQuestionGenerator.swift */; };
		845D58CDFA5C5E4B3ABBF09C /* NumberTrainView.swift in Sources */ = {isa = PBXBuildFile; fileRef = AEA1EEF3EFCCE712C74D9E96 /* NumberTrainView.swift */; };
		8BB297703389E441A70AC884 /* NoomCatalogTests.swift in Sources */ = {isa = PBXBuildFile; fileRef = 96BB54E58FBEE26A9755A642 /* NoomCatalogTests.swift */; };
		8F595EF559A7870F3EB605FB /* AppCoordinator.swift in Sources */ = {isa = PBXBuildFile; fileRef = D08C9D8B9561232DBC89FAD0 /* AppCoordinator.swift */; };
		8FA7FF4FBF3AEE7BD9B554C5 /* NoomSplitLogicTests.swift in Sources */ = {isa = PBXBuildFile; fileRef = 348682DB8233AD6BD04A6B65 /* NoomSplitLogicTests.swift */; };
		94172F8CFFD39C0EB3831B21 /* NoomChallengeViewModel.swift in Sources */ = {isa = PBXBuildFile; fileRef = 14C328B9C1D7050964905113 /* NoomChallengeViewModel.swift */; };
		94B2E5B9CDB623602021DCF8 /* ParentalGateView.swift in Sources */ = {isa = PBXBuildFile; fileRef = BEA742A7421E1A1B3B276119 /* ParentalGateView.swift */; };
		97F683BED87061B0D3AB77D8 /* wrong_hint.aiff in Resources */ = {isa = PBXBuildFile; fileRef = 9331B77B8F9EF693C80DFE57 /* wrong_hint.aiff */; };
		9A2C5B0DAD1F20F709F1E62E /* OrchardState.swift in Sources */ = {isa = PBXBuildFile; fileRef = 0510E8D7639394AE33EDFCDC /* OrchardState.swift */; };
		9CEEF7A1A1EB0E54D83352A2 /* CartoonUI.swift in Sources */ = {isa = PBXBuildFile; fileRef = 3B154C05F8380DD1EA0BA3BD /* CartoonUI.swift */; };
		A7F2DC617F4178E54401DB5C /* NoomChallengeSessionView.swift in Sources */ = {isa = PBXBuildFile; fileRef = 5447E44C12B101400A365ECF /* NoomChallengeSessionView.swift */; };
		A83A880A0C0DA7A1C1F4CDC7 /* HomeViewModel.swift in Sources */ = {isa = PBXBuildFile; fileRef = CBD5CDAF6DD8D9DF74453F47 /* HomeViewModel.swift */; };
		B0A143F5AF18EFF07724DCC6 /* level_up.wav in Resources */ = {isa = PBXBuildFile; fileRef = 6A259DE212DCA85208D39566 /* level_up.wav */; };
		B646740DB6F9DBCFBB72324C /* EyeCareManagerTests.swift in Sources */ = {isa = PBXBuildFile; fileRef = 1BBD147AE473D6CA05C57274 /* EyeCareManagerTests.swift */; };
		B685D99B1591521148186507 /* CheckInView.swift in Sources */ = {isa = PBXBuildFile; fileRef = F1613B849416E796B62C00C6 /* CheckInView.swift */; };
		BCA7AC3C4B65AA03EB239DD9 /* DecorationInventoryTests.swift in Sources */ = {isa = PBXBuildFile; fileRef = E2DA8F3B08371E6244910548 /* DecorationInventoryTests.swift */; };
		C11437988B04C75CA42D11F7 /* PlacedDecorationView.swift in Sources */ = {isa = PBXBuildFile; fileRef = DE5B8E72D6F00598E53BBEE8 /* PlacedDecorationView.swift */; };
		C36D0BD74A3D839CB2D16011 /* AdventureSessionView.swift in Sources */ = {isa = PBXBuildFile; fileRef = A4C1285EADB5202A217E4B29 /* AdventureSessionView.swift */; };
		C8B92790BC03E6B291AF3ECD /* share_check.aiff in Resources */ = {isa = PBXBuildFile; fileRef = 98D5BD2AA2C845AF8576A096 /* share_check.aiff */; };
		CD3FE2054CC33AB6E330629A /* PickFruitView.swift in Sources */ = {isa = PBXBuildFile; fileRef = F236F1DD76935B2F03C8A8DF /* PickFruitView.swift */; };
		CE1BF32BBC91FAFD41CED993 /* AdventureSessionViewModel.swift in Sources */ = {isa = PBXBuildFile; fileRef = 5E727938E4AF00D8CBBEA1E3 /* AdventureSessionViewModel.swift */; };
		D0847A5A7F26D9F1A39EB230 /* MathQuestion.swift in Sources */ = {isa = PBXBuildFile; fileRef = D85156F893459A7FB65A2E06 /* MathQuestion.swift */; };
		D216E88A1D37B932CA4C7A04 /* QuestionGenerator.swift in Sources */ = {isa = PBXBuildFile; fileRef = 2BF62867D3DF19D169E031C4 /* QuestionGenerator.swift */; };
		D26D178B8F0C646AE7AD7461 /* DecorateOrchardView.swift in Sources */ = {isa = PBXBuildFile; fileRef = C642EDC30CBDA22B6A3647B3 /* DecorateOrchardView.swift */; };
		D2E193779D4260CE466C9139 /* NumberTrainLogicTests.swift in Sources */ = {isa = PBXBuildFile; fileRef = F5ECCDC3E5544F748E066651 /* NumberTrainLogicTests.swift */; };
		D8CD90D952A88FE5EA3CD4DD /* RewardCalculator.swift in Sources */ = {isa = PBXBuildFile; fileRef = 4F3955C8B6279F8E0709080A /* RewardCalculator.swift */; };
		D99FBEC5776E93A193F488B6 /* BalanceScene.swift in Sources */ = {isa = PBXBuildFile; fileRef = 75777EE9293B57CE69E74078 /* BalanceScene.swift */; };
		DAAF5FD3BC7DF062F5DE54B0 /* StationDetailView.swift in Sources */ = {isa = PBXBuildFile; fileRef = CAD6A5F5D5C3939B7D13E8DA /* StationDetailView.swift */; };
		DDE96EC2A6977A2D1632DC25 /* FruitCollectionTests.swift in Sources */ = {isa = PBXBuildFile; fileRef = B0E3CA872C854BD77BD67D69 /* FruitCollectionTests.swift */; };
		DFA3DD06D74405D9F3D001AC /* DifficultyLevel.swift in Sources */ = {isa = PBXBuildFile; fileRef = D68EE01C0D9D212D023BE78C /* DifficultyLevel.swift */; };
		E61761F7D616149824277D14 /* BattleView.swift in Sources */ = {isa = PBXBuildFile; fileRef = 5F148C547CD404A43F136755 /* BattleView.swift */; };
		EA11573FE0027424DAFD7110 /* DifficultyManager.swift in Sources */ = {isa = PBXBuildFile; fileRef = F67C1705C14EBBFCB27F3F42 /* DifficultyManager.swift */; };
		EC412EF08F3FFF4130F01B6D /* combo_07.aiff in Resources */ = {isa = PBXBuildFile; fileRef = 83825F84A8F221612AB7A3B3 /* combo_07.aiff */; };
		EDF37794BDD6E171477CA3D7 /* button_click.wav in Resources */ = {isa = PBXBuildFile; fileRef = 095FAB413CFAC3FAFC822D28 /* button_click.wav */; };
		EF7C71B1A8C666416FA0EA1B /* FruitCollectionView.swift in Sources */ = {isa = PBXBuildFile; fileRef = 5F2A32FC7C794E56045B78B9 /* FruitCollectionView.swift */; };
		EFBB489C0BDEE8A3C9726948 /* ParentCenterView.swift in Sources */ = {isa = PBXBuildFile; fileRef = 2F088ACB345D48F488B3658A /* ParentCenterView.swift */; };
		F27F938C8ABB798A3C0F92E7 /* ParentQuestionGenerator.swift in Sources */ = {isa = PBXBuildFile; fileRef = 58AEABFEE87D8A3ADDA7DDC1 /* ParentQuestionGenerator.swift */; };
		F36B75DB4909C4346FB6E92A /* CollectedDecoration.swift in Sources */ = {isa = PBXBuildFile; fileRef = F2A01F7868C19C9B67F08A25 /* CollectedDecoration.swift */; };
		F413CE247B9DAA5E88AC3B28 /* CartoonSpriteKit.swift in Sources */ = {isa = PBXBuildFile; fileRef = 2CEEF1B40985052EC34E1113 /* CartoonSpriteKit.swift */; };
		F6D66B016584FA7C89D58F94 /* pick_too_many.aiff in Resources */ = {isa = PBXBuildFile; fileRef = 840B2D04C9C6D135F31D444D /* pick_too_many.aiff */; };
		FC9B8A538D681E8CA7E1A1B6 /* DifficultyManagerTests.swift in Sources */ = {isa = PBXBuildFile; fileRef = A50EC3636C7C728433B8256B /* DifficultyManagerTests.swift */; };
		FECD7ED716E074CCBCA3EF40 /* LearningSession.swift in Sources */ = {isa = PBXBuildFile; fileRef = CB5F47E0A502DCC992D3CA2A /* LearningSession.swift */; };
/* End PBXBuildFile section */

/* Begin PBXContainerItemProxy section */
		D5FB7F3B51B86EA5BAF72D2F /* PBXContainerItemProxy */ = {
			isa = PBXContainerItemProxy;
			containerPortal = D6ACCCBB442C424FC31339F7 /* Project object */;
			proxyType = 1;
			remoteGlobalIDString = 211AC28D1B66227BAB14F2C7;
			remoteInfo = NumberOrchard;
		};
/* End PBXContainerItemProxy section */

/* Begin PBXFileReference section */
		02BF67ED2B785DD79D28846F /* AudioManager.swift */ = {isa = PBXFileReference; lastKnownFileType = sourcecode.swift; path = AudioManager.swift; sourceTree = "<group>"; };
		04066175F83F93B3EA8399FE /* ShareFruitScene.swift */ = {isa = PBXFileReference; lastKnownFileType = sourcecode.swift; path = ShareFruitScene.swift; sourceTree = "<group>"; };
		0510E8D7639394AE33EDFCDC /* OrchardState.swift */ = {isa = PBXFileReference; lastKnownFileType = sourcecode.swift; path = OrchardState.swift; sourceTree = "<group>"; };
		0574632CFB25276D06066DA8 /* NoomMergeLogic.swift */ = {isa = PBXFileReference; lastKnownFileType = sourcecode.swift; path = NoomMergeLogic.swift; sourceTree = "<group>"; };
		095FAB413CFAC3FAFC822D28 /* button_click.wav */ = {isa = PBXFileReference; lastKnownFileType = audio.wav; path = button_click.wav; sourceTree = "<group>"; };
		0E5DA5AADB88267E3850EAF5 /* eye_care.aiff */ = {isa = PBXFileReference; lastKnownFileType = audio.aiff; path = eye_care.aiff; sourceTree = "<group>"; };
		14C328B9C1D7050964905113 /* NoomChallengeViewModel.swift */ = {isa = PBXFileReference; lastKnownFileType = sourcecode.swift; path = NoomChallengeViewModel.swift; sourceTree = "<group>"; };
		1BBD147AE473D6CA05C57274 /* EyeCareManagerTests.swift */ = {isa = PBXFileReference; lastKnownFileType = sourcecode.swift; path = EyeCareManagerTests.swift; sourceTree = "<group>"; };
		1F7E067CF1575D00668ACDF0 /* NoomChallengeView.swift */ = {isa = PBXFileReference; lastKnownFileType = sourcecode.swift; path = NoomChallengeView.swift; sourceTree = "<group>"; };
		225B71C728EF8634CFFA8920 /* correct_02.aiff */ = {isa = PBXFileReference; lastKnownFileType = audio.aiff; path = correct_02.aiff; sourceTree = "<group>"; };
		2BB6F11200DCE12E501F6F0A /* BasicReportView.swift */ = {isa = PBXFileReference; lastKnownFileType = sourcecode.swift; path = BasicReportView.swift; sourceTree = "<group>"; };
		2BF62867D3DF19D169E031C4 /* QuestionGenerator.swift */ = {isa = PBXFileReference; lastKnownFileType = sourcecode.swift; path = QuestionGenerator.swift; sourceTree = "<group>"; };
		2CEEF1B40985052EC34E1113 /* CartoonSpriteKit.swift */ = {isa = PBXFileReference; lastKnownFileType = sourcecode.swift; path = CartoonSpriteKit.swift; sourceTree = "<group>"; };
		2F088ACB345D48F488B3658A /* ParentCenterView.swift */ = {isa = PBXFileReference; lastKnownFileType = sourcecode.swift; path = ParentCenterView.swift; sourceTree = "<group>"; };
		31873A70D02219C3C54E64A9 /* HomeView.swift */ = {isa = PBXFileReference; lastKnownFileType = sourcecode.swift; path = HomeView.swift; sourceTree = "<group>"; };
		348682DB8233AD6BD04A6B65 /* NoomSplitLogicTests.swift */ = {isa = PBXFileReference; lastKnownFileType = sourcecode.swift; path = NoomSplitLogicTests.swift; sourceTree = "<group>"; };
		3A6F591402A2A70FC6588965 /* ExplorationMapViewModel.swift */ = {isa = PBXFileReference; lastKnownFileType = sourcecode.swift; path = ExplorationMapViewModel.swift; sourceTree = "<group>"; };
		3B154C05F8380DD1EA0BA3BD /* CartoonUI.swift */ = {isa = PBXFileReference; lastKnownFileType = sourcecode.swift; path = CartoonUI.swift; sourceTree = "<group>"; };
		41E80F72FC3867F22830FC41 /* ParentBattleTests.swift */ = {isa = PBXFileReference; lastKnownFileType = sourcecode.swift; path = ParentBattleTests.swift; sourceTree = "<group>"; };
		43B5F110839E77BCA7F6E418 /* MapCatalog.swift */ = {isa = PBXFileReference; lastKnownFileType = sourcecode.swift; path = MapCatalog.swift; sourceTree = "<group>"; };
		489AD9724C88E35591B15085 /* NumberOrchard.app */ = {isa = PBXFileReference; includeInIndex = 0; lastKnownFileType = wrapper.application; path = NumberOrchard.app; sourceTree = BUILT_PRODUCTS_DIR; };
		4B7242DB6ACB4C624D689D4D /* CollectedNoom.swift */ = {isa = PBXFileReference; lastKnownFileType = sourcecode.swift; path = CollectedNoom.swift; sourceTree = "<group>"; };
		4E4EDC77EC71DB9F41595670 /* correct_05.aiff */ = {isa = PBXFileReference; lastKnownFileType = audio.aiff; path = correct_05.aiff; sourceTree = "<group>"; };
		4F3955C8B6279F8E0709080A /* RewardCalculator.swift */ = {isa = PBXFileReference; lastKnownFileType = sourcecode.swift; path = RewardCalculator.swift; sourceTree = "<group>"; };
		5447E44C12B101400A365ECF /* NoomChallengeSessionView.swift */ = {isa = PBXFileReference; lastKnownFileType = sourcecode.swift; path = NoomChallengeSessionView.swift; sourceTree = "<group>"; };
		58AEABFEE87D8A3ADDA7DDC1 /* ParentQuestionGenerator.swift */ = {isa = PBXFileReference; lastKnownFileType = sourcecode.swift; path = ParentQuestionGenerator.swift; sourceTree = "<group>"; };
		5DFBED41867EE40C38EF9EB4 /* MapProgressionLogicTests.swift */ = {isa = PBXFileReference; lastKnownFileType = sourcecode.swift; path = MapProgressionLogicTests.swift; sourceTree = "<group>"; };
		5E727938E4AF00D8CBBEA1E3 /* AdventureSessionViewModel.swift */ = {isa = PBXFileReference; lastKnownFileType = sourcecode.swift; path = AdventureSessionViewModel.swift; sourceTree = "<group>"; };
		5F148C547CD404A43F136755 /* BattleView.swift */ = {isa = PBXFileReference; lastKnownFileType = sourcecode.swift; path = BattleView.swift; sourceTree = "<group>"; };
		5F2A32FC7C794E56045B78B9 /* FruitCollectionView.swift */ = {isa = PBXFileReference; lastKnownFileType = sourcecode.swift; path = FruitCollectionView.swift; sourceTree = "<group>"; };
		5F340C2BFBEBDD6E139E7FCC /* star_collect.wav */ = {isa = PBXFileReference; lastKnownFileType = audio.wav; path = star_collect.wav; sourceTree = "<group>"; };
		60329F20E7582CA16889E1AB /* NoomForestViewModel.swift */ = {isa = PBXFileReference; lastKnownFileType = sourcecode.swift; path = NoomForestViewModel.swift; sourceTree = "<group>"; };
		61EC017E169CEF105B83409D /* BalanceLogicTests.swift */ = {isa = PBXFileReference; lastKnownFileType = sourcecode.swift; path = BalanceLogicTests.swift; sourceTree = "<group>"; };
		650B25FD8B3C008CA6632525 /* OrchardStateTests.swift */ = {isa = PBXFileReference; lastKnownFileType = sourcecode.swift; path = OrchardStateTests.swift; sourceTree = "<group>"; };
		657E3FED607855E96CCD1DD9 /* MapProgressionLogic.swift */ = {isa = PBXFileReference; lastKnownFileType = sourcecode.swift; path = MapProgressionLogic.swift; sourceTree = "<group>"; };
		6716849999AC43443891C7D4 /* fruit_drop.wav */ = {isa = PBXFileReference; lastKnownFileType = audio.wav; path = fruit_drop.wav; sourceTree = "<group>"; };
		6A259DE212DCA85208D39566 /* level_up.wav */ = {isa = PBXFileReference; lastKnownFileType = audio.wav; path = level_up.wav; sourceTree = "<group>"; };
		6BF89DFC78ABA035C5FD2687 /* balance.wav */ = {isa = PBXFileReference; lastKnownFileType = audio.wav; path = balance.wav; sourceTree = "<group>"; };
		7371076232AB2040023448E2 /* QuestionGeneratorTests.swift */ = {isa = PBXFileReference; lastKnownFileType = sourcecode.swift; path = QuestionGeneratorTests.swift; sourceTree = "<group>"; };
		74290E47C61364EE77542658 /* ExplorationMapView.swift */ = {isa = PBXFileReference; lastKnownFileType = sourcecode.swift; path = ExplorationMapView.swift; sourceTree = "<group>"; };
		74B873C51B1E09BC11239F0B /* NumberOrchardApp.swift */ = {isa = PBXFileReference; lastKnownFileType = sourcecode.swift; path = NumberOrchardApp.swift; sourceTree = "<group>"; };
		75777EE9293B57CE69E74078 /* BalanceScene.swift */ = {isa = PBXFileReference; lastKnownFileType = sourcecode.swift; path = BalanceScene.swift; sourceTree = "<group>"; };
		75B52E7B8B906410D0B8C918 /* Noom.swift */ = {isa = PBXFileReference; lastKnownFileType = sourcecode.swift; path = Noom.swift; sourceTree = "<group>"; };
		76CF2797BB0B9C5FB2F7A037 /* OrchardEditView.swift */ = {isa = PBXFileReference; lastKnownFileType = sourcecode.swift; path = OrchardEditView.swift; sourceTree = "<group>"; };
		83825F84A8F221612AB7A3B3 /* combo_07.aiff */ = {isa = PBXFileReference; lastKnownFileType = audio.aiff; path = combo_07.aiff; sourceTree = "<group>"; };
		840B2D04C9C6D135F31D444D /* pick_too_many.aiff */ = {isa = PBXFileReference; lastKnownFileType = audio.aiff; path = pick_too_many.aiff; sourceTree = "<group>"; };
		867E0F2F2E0A9D8CB23BC3F4 /* PickFruitLogicTests.swift */ = {isa = PBXFileReference; lastKnownFileType = sourcecode.swift; path = PickFruitLogicTests.swift; sourceTree = "<group>"; };
		8D68C640AC4EA0111CA49A97 /* DecorationPurchaseLogic.swift */ = {isa = PBXFileReference; lastKnownFileType = sourcecode.swift; path = DecorationPurchaseLogic.swift; sourceTree = "<group>"; };
		9331B77B8F9EF693C80DFE57 /* wrong_hint.aiff */ = {isa = PBXFileReference; lastKnownFileType = audio.aiff; path = wrong_hint.aiff; sourceTree = "<group>"; };
		9452C4C6F4C0CBA089556782 /* correct.wav */ = {isa = PBXFileReference; lastKnownFileType = audio.wav; path = correct.wav; sourceTree = "<group>"; };
		94C9E931859DEF6C2A5CBD12 /* TreeGrowthViewModel.swift */ = {isa = PBXFileReference; lastKnownFileType = sourcecode.swift; path = TreeGrowthViewModel.swift; sourceTree = "<group>"; };
		96BB54E58FBEE26A9755A642 /* NoomCatalogTests.swift */ = {isa = PBXFileReference; lastKnownFileType = sourcecode.swift; path = NoomCatalogTests.swift; sourceTree = "<group>"; };
		981EB1F28BB3F69A5C6388FA /* NumberOrchardTests.xctest */ = {isa = PBXFileReference; includeInIndex = 0; lastKnownFileType = wrapper.cfbundle; path = NumberOrchardTests.xctest; sourceTree = BUILT_PRODUCTS_DIR; };
		98D5BD2AA2C845AF8576A096 /* share_check.aiff */ = {isa = PBXFileReference; lastKnownFileType = audio.aiff; path = share_check.aiff; sourceTree = "<group>"; };
		9D12D41600FAE9DAFD3D5E4B /* BalanceView.swift */ = {isa = PBXFileReference; lastKnownFileType = sourcecode.swift; path = BalanceView.swift; sourceTree = "<group>"; };
		A45D7E24218840C081D2711C /* home_bgm.wav */ = {isa = PBXFileReference; lastKnownFileType = audio.wav; path = home_bgm.wav; sourceTree = "<group>"; };
		A4C1285EADB5202A217E4B29 /* AdventureSessionView.swift */ = {isa = PBXFileReference; lastKnownFileType = sourcecode.swift; path = AdventureSessionView.swift; sourceTree = "<group>"; };
		A50EC3636C7C728433B8256B /* DifficultyManagerTests.swift */ = {isa = PBXFileReference; lastKnownFileType = sourcecode.swift; path = DifficultyManagerTests.swift; sourceTree = "<group>"; };
		A833ED9961A1756FCB64C057 /* wrong.wav */ = {isa = PBXFileReference; lastKnownFileType = audio.wav; path = wrong.wav; sourceTree = "<group>"; };
		A87466AB46A614DE7EDA2DB2 /* combo_05.aiff */ = {isa = PBXFileReference; lastKnownFileType = audio.aiff; path = combo_05.aiff; sourceTree = "<group>"; };
		AC202FF20BF8B9C9D5E876A9 /* NoomRenderer.swift */ = {isa = PBXFileReference; lastKnownFileType = sourcecode.swift; path = NoomRenderer.swift; sourceTree = "<group>"; };
		AEA1EEF3EFCCE712C74D9E96 /* NumberTrainView.swift */ = {isa = PBXFileReference; lastKnownFileType = sourcecode.swift; path = NumberTrainView.swift; sourceTree = "<group>"; };
		AF2D3CDD5B64A12F1521B294 /* NoomChallengeScene.swift */ = {isa = PBXFileReference; lastKnownFileType = sourcecode.swift; path = NoomChallengeScene.swift; sourceTree = "<group>"; };
		AF92351482E0AA4A886C3F46 /* QuestionRecord.swift */ = {isa = PBXFileReference; lastKnownFileType = sourcecode.swift; path = QuestionRecord.swift; sourceTree = "<group>"; };
		B032E93606C6F6A5C51AE38A /* L5L6GenerationTests.swift */ = {isa = PBXFileReference; lastKnownFileType = sourcecode.swift; path = L5L6GenerationTests.swift; sourceTree = "<group>"; };
		B0A3499562F1D16E7DAEB485 /* welcome.aiff */ = {isa = PBXFileReference; lastKnownFileType = audio.aiff; path = welcome.aiff; sourceTree = "<group>"; };
		B0E3CA872C854BD77BD67D69 /* FruitCollectionTests.swift */ = {isa = PBXFileReference; lastKnownFileType = sourcecode.swift; path = FruitCollectionTests.swift; sourceTree = "<group>"; };
		B24733C5494D1270BF18130E /* BattleViewModel.swift */ = {isa = PBXFileReference; lastKnownFileType = sourcecode.swift; path = BattleViewModel.swift; sourceTree = "<group>"; };
		B44063B24A5450B805BB9940 /* NoomMergeLogicTests.swift */ = {isa = PBXFileReference; lastKnownFileType = sourcecode.swift; path = NoomMergeLogicTests.swift; sourceTree = "<group>"; };
		B4C2612A326CC5ACD9F2B62D /* NumberTrainScene.swift */ = {isa = PBXFileReference; lastKnownFileType = sourcecode.swift; path = NumberTrainScene.swift; sourceTree = "<group>"; };
		B4D7BBE76755CE793324D73D /* NoomForestView.swift */ = {isa = PBXFileReference; lastKnownFileType = sourcecode.swift; path = NoomForestView.swift; sourceTree = "<group>"; };
		B53B3DE3B2195B1878609A78 /* RewardCalculatorTests.swift */ = {isa = PBXFileReference; lastKnownFileType = sourcecode.swift; path = RewardCalculatorTests.swift; sourceTree = "<group>"; };
		B5A021CAD39EF5F8DAF974DD /* NoomSplitLogic.swift */ = {isa = PBXFileReference; lastKnownFileType = sourcecode.swift; path = NoomSplitLogic.swift; sourceTree = "<group>"; };
		B856776C53534150F3C9334F /* LearningProfile.swift */ = {isa = PBXFileReference; lastKnownFileType = sourcecode.swift; path = LearningProfile.swift; sourceTree = "<group>"; };
		B8FA96B7494F81635AF6E301 /* CollectedFruit.swift */ = {isa = PBXFileReference; lastKnownFileType = sourcecode.swift; path = CollectedFruit.swift; sourceTree = "<group>"; };
		BEA742A7421E1A1B3B276119 /* ParentalGateView.swift */ = {isa = PBXFileReference; lastKnownFileType = sourcecode.swift; path = ParentalGateView.swift; sourceTree = "<group>"; };
		C086DE626E123BF698F83460 /* Assets.xcassets */ = {isa = PBXFileReference; lastKnownFileType = folder.assetcatalog; path = Assets.xcassets; sourceTree = "<group>"; };
		C55BCA8BA3BAF404288DA582 /* ChildProfile.swift */ = {isa = PBXFileReference; lastKnownFileType = sourcecode.swift; path = ChildProfile.swift; sourceTree = "<group>"; };
		C6219AA0C32C4ADE8710C404 /* DecorationCatalog.swift */ = {isa = PBXFileReference; lastKnownFileType = sourcecode.swift; path = DecorationCatalog.swift; sourceTree = "<group>"; };
		C642EDC30CBDA22B6A3647B3 /* DecorateOrchardView.swift */ = {isa = PBXFileReference; lastKnownFileType = sourcecode.swift; path = DecorateOrchardView.swift; sourceTree = "<group>"; };
		C722CF93A91A5FEFD481A656 /* ShareFruitView.swift */ = {isa = PBXFileReference; lastKnownFileType = sourcecode.swift; path = ShareFruitView.swift; sourceTree = "<group>"; };
		C98A9C6C3C849D2410D33761 /* CollectedNoomTests.swift */ = {isa = PBXFileReference; lastKnownFileType = sourcecode.swift; path = CollectedNoomTests.swift; sourceTree = "<group>"; };
		CAD6A5F5D5C3939B7D13E8DA /* StationDetailView.swift */ = {isa = PBXFileReference; lastKnownFileType = sourcecode.swift; path = StationDetailView.swift; sourceTree = "<group>"; };
		CADC8A418254297E72F86954 /* PickFruitScene.swift */ = {isa = PBXFileReference; lastKnownFileType = sourcecode.swift; path = PickFruitScene.swift; sourceTree = "<group>"; };
		CB5F47E0A502DCC992D3CA2A /* LearningSession.swift */ = {isa = PBXFileReference; lastKnownFileType = sourcecode.swift; path = LearningSession.swift; sourceTree = "<group>"; };
		CBD5CDAF6DD8D9DF74453F47 /* HomeViewModel.swift */ = {isa = PBXFileReference; lastKnownFileType = sourcecode.swift; path = HomeViewModel.swift; sourceTree = "<group>"; };
		CD3346700B718F8495EE4352 /* EyeCareManager.swift */ = {isa = PBXFileReference; lastKnownFileType = sourcecode.swift; path = EyeCareManager.swift; sourceTree = "<group>"; };
		CE486D1905D0928C0C65380F /* correct_03.aiff */ = {isa = PBXFileReference; lastKnownFileType = audio.aiff; path = correct_03.aiff; sourceTree = "<group>"; };
		D06D30700762F4165EBD7CE3 /* combo_03.aiff */ = {isa = PBXFileReference; lastKnownFileType = audio.aiff; path = combo_03.aiff; sourceTree = "<group>"; };
		D08C9D8B9561232DBC89FAD0 /* AppCoordinator.swift */ = {isa = PBXFileReference; lastKnownFileType = sourcecode.swift; path = AppCoordinator.swift; sourceTree = "<group>"; };
		D4D0F26120F1022C22185A90 /* SettingsView.swift */ = {isa = PBXFileReference; lastKnownFileType = sourcecode.swift; path = SettingsView.swift; sourceTree = "<group>"; };
		D68EE01C0D9D212D023BE78C /* DifficultyLevel.swift */ = {isa = PBXFileReference; lastKnownFileType = sourcecode.swift; path = DifficultyLevel.swift; sourceTree = "<group>"; };
		D6DF7776B757FA1C3868920B /* wrong_help.aiff */ = {isa = PBXFileReference; lastKnownFileType = audio.aiff; path = wrong_help.aiff; sourceTree = "<group>"; };
		D85156F893459A7FB65A2E06 /* MathQuestion.swift */ = {isa = PBXFileReference; lastKnownFileType = sourcecode.swift; path = MathQuestion.swift; sourceTree = "<group>"; };
		DA97A8495EFFF1EF96933A5B /* FruitCatalog.swift */ = {isa = PBXFileReference; lastKnownFileType = sourcecode.swift; path = FruitCatalog.swift; sourceTree = "<group>"; };
		DE18C6ECC0DA191A89CA915E /* fruit_pick.wav */ = {isa = PBXFileReference; lastKnownFileType = audio.wav; path = fruit_pick.wav; sourceTree = "<group>"; };
		DE5B8E72D6F00598E53BBEE8 /* PlacedDecorationView.swift */ = {isa = PBXFileReference; lastKnownFileType = sourcecode.swift; path = PlacedDecorationView.swift; sourceTree = "<group>"; };
		E0D312CD201087A41E437EE1 /* TreeGrowthView.swift */ = {isa = PBXFileReference; lastKnownFileType = sourcecode.swift; path = TreeGrowthView.swift; sourceTree = "<group>"; };
		E2DA8F3B08371E6244910548 /* DecorationInventoryTests.swift */ = {isa = PBXFileReference; lastKnownFileType = sourcecode.swift; path = DecorationInventoryTests.swift; sourceTree = "<group>"; };
		E8439E1819D944601B74054F /* NoomQuestionGeneratorTests.swift */ = {isa = PBXFileReference; lastKnownFileType = sourcecode.swift; path = NoomQuestionGeneratorTests.swift; sourceTree = "<group>"; };
		EB3CDE5676CB87A20F3E0B33 /* StationProgress.swift */ = {isa = PBXFileReference; lastKnownFileType = sourcecode.swift; path = StationProgress.swift; sourceTree = "<group>"; };
		F1613B849416E796B62C00C6 /* CheckInView.swift */ = {isa = PBXFileReference; lastKnownFileType = sourcecode.swift; path = CheckInView.swift; sourceTree = "<group>"; };
		F236F1DD76935B2F03C8A8DF /* PickFruitView.swift */ = {isa = PBXFileReference; lastKnownFileType = sourcecode.swift; path = PickFruitView.swift; sourceTree = "<group>"; };
		F2A01F7868C19C9B67F08A25 /* CollectedDecoration.swift */ = {isa = PBXFileReference; lastKnownFileType = sourcecode.swift; path = CollectedDecoration.swift; sourceTree = "<group>"; };
		F5ECCDC3E5544F748E066651 /* NumberTrainLogicTests.swift */ = {isa = PBXFileReference; lastKnownFileType = sourcecode.swift; path = NumberTrainLogicTests.swift; sourceTree = "<group>"; };
		F67C1705C14EBBFCB27F3F42 /* DifficultyManager.swift */ = {isa = PBXFileReference; lastKnownFileType = sourcecode.swift; path = DifficultyManager.swift; sourceTree = "<group>"; };
		F6F410B89DC7790278D280E2 /* ShareFruitLogicTests.swift */ = {isa = PBXFileReference; lastKnownFileType = sourcecode.swift; path = ShareFruitLogicTests.swift; sourceTree = "<group>"; };
		F84E6B8AED86EEA2DD5911B1 /* adventure_bgm.wav */ = {isa = PBXFileReference; lastKnownFileType = audio.wav; path = adventure_bgm.wav; sourceTree = "<group>"; };
		FA44B685768E893018DAF829 /* correct_04.aiff */ = {isa = PBXFileReference; lastKnownFileType = audio.aiff; path = correct_04.aiff; sourceTree = "<group>"; };
		FC5747B52D2567AB5400E83D /* idle_hint.aiff */ = {isa = PBXFileReference; lastKnownFileType = audio.aiff; path = idle_hint.aiff; sourceTree = "<group>"; };
		FCC8845E4E0EE3DC8E774D4D /* correct_01.aiff */ = {isa = PBXFileReference; lastKnownFileType = audio.aiff; path = correct_01.aiff; sourceTree = "<group>"; };
		FFB36B19CCBC1612F48026A4 /* NoomQuestionGenerator.swift */ = {isa = PBXFileReference; lastKnownFileType = sourcecode.swift; path = NoomQuestionGenerator.swift; sourceTree = "<group>"; };
/* End PBXFileReference section */

/* Begin PBXGroup section */
		02E0D9626C323931E5E01118 /* Resources */ = {
			isa = PBXGroup;
			children = (
				C086DE626E123BF698F83460 /* Assets.xcassets */,
				D77F6335A5F7C01441E072D2 /* Sounds */,
			);
			path = Resources;
			sourceTree = "<group>";
		};
		04E429F661EF6C4DEE17F324 /* ParentChild */ = {
			isa = PBXGroup;
			children = (
				41E80F72FC3867F22830FC41 /* ParentBattleTests.swift */,
			);
			path = ParentChild;
			sourceTree = "<group>";
		};
		091F9E241BD46B2D6D08092C /* Products */ = {
			isa = PBXGroup;
			children = (
				489AD9724C88E35591B15085 /* NumberOrchard.app */,
				981EB1F28BB3F69A5C6388FA /* NumberOrchardTests.xctest */,
			);
			name = Products;
			sourceTree = "<group>";
		};
		0EA2549DA49A7E4C162B1599 /* NumberOrchardTests */ = {
			isa = PBXGroup;
			children = (
				40CF67C42C305E1FE828DBA7 /* Core */,
				F1DF74FF908AB4EE255B1046 /* Features */,
			);
			path = NumberOrchardTests;
			sourceTree = "<group>";
		};
		1EA1C7DEA2FE67C56D929AC7 /* ShareFruit */ = {
			isa = PBXGroup;
			children = (
				04066175F83F93B3EA8399FE /* ShareFruitScene.swift */,
				C722CF93A91A5FEFD481A656 /* ShareFruitView.swift */,
			);
			path = ShareFruit;
			sourceTree = "<group>";
		};
		23889553F7FE8F468EAD51EE /* SFX */ = {
			isa = PBXGroup;
			children = (
				6BF89DFC78ABA035C5FD2687 /* balance.wav */,
				095FAB413CFAC3FAFC822D28 /* button_click.wav */,
				9452C4C6F4C0CBA089556782 /* correct.wav */,
				6716849999AC43443891C7D4 /* fruit_drop.wav */,
				DE18C6ECC0DA191A89CA915E /* fruit_pick.wav */,
				6A259DE212DCA85208D39566 /* level_up.wav */,
				5F340C2BFBEBDD6E139E7FCC /* star_collect.wav */,
				A833ED9961A1756FCB64C057 /* wrong.wav */,
			);
			path = SFX;
			sourceTree = "<group>";
		};
		26460A6923C6D4F7BF76B310 /* PickFruit */ = {
			isa = PBXGroup;
			children = (
				CADC8A418254297E72F86954 /* PickFruitScene.swift */,
				F236F1DD76935B2F03C8A8DF /* PickFruitView.swift */,
			);
			path = PickFruit;
			sourceTree = "<group>";
		};
		33ED031A4A67D08A9EFCDC5E /* Core */ = {
			isa = PBXGroup;
			children = (
				C9D4300F012F1FFEAE1A30C9 /* AdaptiveEngine */,
				A15EF6736F741F1C89D2D7FB /* Audio */,
				F972ECF8C73B7E44FA12DE77 /* Exploration */,
				55D137ADC16E4DD996D73FDE /* Models */,
				640C9C48DA60495B3D018F1E /* NoomLogic */,
				CB2B176CB49B90D1C34E11A4 /* ParentalGate */,
				ECACDB2A65B0C1CF7B41E63A /* Rewards */,
				8FA5118F9360AFC949BDB6D8 /* UI */,
			);
			path = Core;
			sourceTree = "<group>";
		};
		37B3FF3B0E15EBD4C1D2341C /* ParentCenter */ = {
			isa = PBXGroup;
			children = (
				2BB6F11200DCE12E501F6F0A /* BasicReportView.swift */,
				2F088ACB345D48F488B3658A /* ParentCenterView.swift */,
				D4D0F26120F1022C22185A90 /* SettingsView.swift */,
			);
			path = ParentCenter;
			sourceTree = "<group>";
		};
		3E6476D9B9C7AD25C202E80D = {
			isa = PBXGroup;
			children = (
				E7EE0F487E96BDD39485C0E7 /* NumberOrchard */,
				0EA2549DA49A7E4C162B1599 /* NumberOrchardTests */,
				091F9E241BD46B2D6D08092C /* Products */,
			);
			sourceTree = "<group>";
		};
		40CF67C42C305E1FE828DBA7 /* Core */ = {
			isa = PBXGroup;
			children = (
				E40FFAE35C028ABC8FE81D8B /* AdaptiveEngine */,
				C3884231B10FDDC868D47EBC /* Exploration */,
				F3FF9737B69A1CBCCFA815A8 /* Models */,
				D8BD11433621A38AB7592F4D /* NoomLogic */,
				894BC4ABF8CDB857A7607004 /* Rewards */,
			);
			path = Core;
			sourceTree = "<group>";
		};
		495F0B04FE2A72EB1D9A516C /* Home */ = {
			isa = PBXGroup;
			children = (
				31873A70D02219C3C54E64A9 /* HomeView.swift */,
				CBD5CDAF6DD8D9DF74453F47 /* HomeViewModel.swift */,
			);
			path = Home;
			sourceTree = "<group>";
		};
		4E6D99A71C1D1314B9643FC0 /* Exploration */ = {
			isa = PBXGroup;
			children = (
				74290E47C61364EE77542658 /* ExplorationMapView.swift */,
				3A6F591402A2A70FC6588965 /* ExplorationMapViewModel.swift */,
				CAD6A5F5D5C3939B7D13E8DA /* StationDetailView.swift */,
			);
			path = Exploration;
			sourceTree = "<group>";
		};
		5378E50D7439E6740DF9A1F3 /* DailyFlow */ = {
			isa = PBXGroup;
			children = (
				F1613B849416E796B62C00C6 /* CheckInView.swift */,
				CD3346700B718F8495EE4352 /* EyeCareManager.swift */,
			);
			path = DailyFlow;
			sourceTree = "<group>";
		};
		53941F22D2FC489773F9E19A /* ParentChild */ = {
			isa = PBXGroup;
			children = (
				5F148C547CD404A43F136755 /* BattleView.swift */,
				B24733C5494D1270BF18130E /* BattleViewModel.swift */,
				58AEABFEE87D8A3ADDA7DDC1 /* ParentQuestionGenerator.swift */,
			);
			path = ParentChild;
			sourceTree = "<group>";
		};
		5541ABB2040346C3C03B80E6 /* DailyFlow */ = {
			isa = PBXGroup;
			children = (
				1BBD147AE473D6CA05C57274 /* EyeCareManagerTests.swift */,
			);
			path = DailyFlow;
			sourceTree = "<group>";
		};
		55D137ADC16E4DD996D73FDE /* Models */ = {
			isa = PBXGroup;
			children = (
				C55BCA8BA3BAF404288DA582 /* ChildProfile.swift */,
				F2A01F7868C19C9B67F08A25 /* CollectedDecoration.swift */,
				B8FA96B7494F81635AF6E301 /* CollectedFruit.swift */,
				4B7242DB6ACB4C624D689D4D /* CollectedNoom.swift */,
				C6219AA0C32C4ADE8710C404 /* DecorationCatalog.swift */,
				8D68C640AC4EA0111CA49A97 /* DecorationPurchaseLogic.swift */,
				D68EE01C0D9D212D023BE78C /* DifficultyLevel.swift */,
				DA97A8495EFFF1EF96933A5B /* FruitCatalog.swift */,
				CB5F47E0A502DCC992D3CA2A /* LearningSession.swift */,
				43B5F110839E77BCA7F6E418 /* MapCatalog.swift */,
				D85156F893459A7FB65A2E06 /* MathQuestion.swift */,
				75B52E7B8B906410D0B8C918 /* Noom.swift */,
				0510E8D7639394AE33EDFCDC /* OrchardState.swift */,
				AF92351482E0AA4A886C3F46 /* QuestionRecord.swift */,
				EB3CDE5676CB87A20F3E0B33 /* StationProgress.swift */,
			);
			path = Models;
			sourceTree = "<group>";
		};
		5601866819D0E921342E63A4 /* App */ = {
			isa = PBXGroup;
			children = (
				D08C9D8B9561232DBC89FAD0 /* AppCoordinator.swift */,
				74B873C51B1E09BC11239F0B /* NumberOrchardApp.swift */,
			);
			path = App;
			sourceTree = "<group>";
		};
		56EDFFEBC5B174764BA2E1B7 /* Balance */ = {
			isa = PBXGroup;
			children = (
				75777EE9293B57CE69E74078 /* BalanceScene.swift */,
				9D12D41600FAE9DAFD3D5E4B /* BalanceView.swift */,
			);
			path = Balance;
			sourceTree = "<group>";
		};
		640C9C48DA60495B3D018F1E /* NoomLogic */ = {
			isa = PBXGroup;
			children = (
				0574632CFB25276D06066DA8 /* NoomMergeLogic.swift */,
				B5A021CAD39EF5F8DAF974DD /* NoomSplitLogic.swift */,
			);
			path = NoomLogic;
			sourceTree = "<group>";
		};
		6653F7663003C8AAB8CD2AC2 /* Orchard */ = {
			isa = PBXGroup;
			children = (
				E2DA8F3B08371E6244910548 /* DecorationInventoryTests.swift */,
				B0E3CA872C854BD77BD67D69 /* FruitCollectionTests.swift */,
			);
			path = Orchard;
			sourceTree = "<group>";
		};
		7E45E63B878198F3BBADE359 /* NumberTrain */ = {
			isa = PBXGroup;
			children = (
				B4C2612A326CC5ACD9F2B62D /* NumberTrainScene.swift */,
				AEA1EEF3EFCCE712C74D9E96 /* NumberTrainView.swift */,
			);
			path = NumberTrain;
			sourceTree = "<group>";
		};
		894BC4ABF8CDB857A7607004 /* Rewards */ = {
			isa = PBXGroup;
			children = (
				B53B3DE3B2195B1878609A78 /* RewardCalculatorTests.swift */,
			);
			path = Rewards;
			sourceTree = "<group>";
		};
		8C2B3691E48416E33D7438E0 /* Voice */ = {
			isa = PBXGroup;
			children = (
				D06D30700762F4165EBD7CE3 /* combo_03.aiff */,
				A87466AB46A614DE7EDA2DB2 /* combo_05.aiff */,
				83825F84A8F221612AB7A3B3 /* combo_07.aiff */,
				FCC8845E4E0EE3DC8E774D4D /* correct_01.aiff */,
				225B71C728EF8634CFFA8920 /* correct_02.aiff */,
				CE486D1905D0928C0C65380F /* correct_03.aiff */,
				FA44B685768E893018DAF829 /* correct_04.aiff */,
				4E4EDC77EC71DB9F41595670 /* correct_05.aiff */,
				0E5DA5AADB88267E3850EAF5 /* eye_care.aiff */,
				FC5747B52D2567AB5400E83D /* idle_hint.aiff */,
				840B2D04C9C6D135F31D444D /* pick_too_many.aiff */,
				98D5BD2AA2C845AF8576A096 /* share_check.aiff */,
				B0A3499562F1D16E7DAEB485 /* welcome.aiff */,
				D6DF7776B757FA1C3868920B /* wrong_help.aiff */,
				9331B77B8F9EF693C80DFE57 /* wrong_hint.aiff */,
			);
			path = Voice;
			sourceTree = "<group>";
		};
		8FA5118F9360AFC949BDB6D8 /* UI */ = {
			isa = PBXGroup;
			children = (
				2CEEF1B40985052EC34E1113 /* CartoonSpriteKit.swift */,
				3B154C05F8380DD1EA0BA3BD /* CartoonUI.swift */,
			);
			path = UI;
			sourceTree = "<group>";
		};
		A15EF6736F741F1C89D2D7FB /* Audio */ = {
			isa = PBXGroup;
			children = (
				02BF67ED2B785DD79D28846F /* AudioManager.swift */,
			);
			path = Audio;
			sourceTree = "<group>";
		};
		AFAD56A89E14823269D3A0EF /* NoomForest */ = {
			isa = PBXGroup;
			children = (
				AF2D3CDD5B64A12F1521B294 /* NoomChallengeScene.swift */,
				5447E44C12B101400A365ECF /* NoomChallengeSessionView.swift */,
				1F7E067CF1575D00668ACDF0 /* NoomChallengeView.swift */,
				14C328B9C1D7050964905113 /* NoomChallengeViewModel.swift */,
				B4D7BBE76755CE793324D73D /* NoomForestView.swift */,
				60329F20E7582CA16889E1AB /* NoomForestViewModel.swift */,
				AC202FF20BF8B9C9D5E876A9 /* NoomRenderer.swift */,
			);
			path = NoomForest;
			sourceTree = "<group>";
		};
		B399E474F8CEB7E31F6026A0 /* Features */ = {
			isa = PBXGroup;
			children = (
				E6BD89A78358A5321B5CB21F /* Adventure */,
				5378E50D7439E6740DF9A1F3 /* DailyFlow */,
				4E6D99A71C1D1314B9643FC0 /* Exploration */,
				495F0B04FE2A72EB1D9A516C /* Home */,
				AFAD56A89E14823269D3A0EF /* NoomForest */,
				CC4E86C7B1E6BF8104E301B8 /* Orchard */,
				37B3FF3B0E15EBD4C1D2341C /* ParentCenter */,
				53941F22D2FC489773F9E19A /* ParentChild */,
			);
			path = Features;
			sourceTree = "<group>";
		};
		BE89C3DAEA39988A4F184B56 /* Adventure */ = {
			isa = PBXGroup;
			children = (
				61EC017E169CEF105B83409D /* BalanceLogicTests.swift */,
				F5ECCDC3E5544F748E066651 /* NumberTrainLogicTests.swift */,
				867E0F2F2E0A9D8CB23BC3F4 /* PickFruitLogicTests.swift */,
				F6F410B89DC7790278D280E2 /* ShareFruitLogicTests.swift */,
			);
			path = Adventure;
			sourceTree = "<group>";
		};
		C19B033641493877E6627937 /* Music */ = {
			isa = PBXGroup;
			children = (
				F84E6B8AED86EEA2DD5911B1 /* adventure_bgm.wav */,
				A45D7E24218840C081D2711C /* home_bgm.wav */,
			);
			path = Music;
			sourceTree = "<group>";
		};
		C3884231B10FDDC868D47EBC /* Exploration */ = {
			isa = PBXGroup;
			children = (
				5DFBED41867EE40C38EF9EB4 /* MapProgressionLogicTests.swift */,
			);
			path = Exploration;
			sourceTree = "<group>";
		};
		C9D4300F012F1FFEAE1A30C9 /* AdaptiveEngine */ = {
			isa = PBXGroup;
			children = (
				F67C1705C14EBBFCB27F3F42 /* DifficultyManager.swift */,
				B856776C53534150F3C9334F /* LearningProfile.swift */,
				FFB36B19CCBC1612F48026A4 /* NoomQuestionGenerator.swift */,
				2BF62867D3DF19D169E031C4 /* QuestionGenerator.swift */,
			);
			path = AdaptiveEngine;
			sourceTree = "<group>";
		};
		CB2B176CB49B90D1C34E11A4 /* ParentalGate */ = {
			isa = PBXGroup;
			children = (
				BEA742A7421E1A1B3B276119 /* ParentalGateView.swift */,
			);
			path = ParentalGate;
			sourceTree = "<group>";
		};
		CC4E86C7B1E6BF8104E301B8 /* Orchard */ = {
			isa = PBXGroup;
			children = (
				C642EDC30CBDA22B6A3647B3 /* DecorateOrchardView.swift */,
				5F2A32FC7C794E56045B78B9 /* FruitCollectionView.swift */,
				76CF2797BB0B9C5FB2F7A037 /* OrchardEditView.swift */,
				DE5B8E72D6F00598E53BBEE8 /* PlacedDecorationView.swift */,
				E0D312CD201087A41E437EE1 /* TreeGrowthView.swift */,
				94C9E931859DEF6C2A5CBD12 /* TreeGrowthViewModel.swift */,
			);
			path = Orchard;
			sourceTree = "<group>";
		};
		D77F6335A5F7C01441E072D2 /* Sounds */ = {
			isa = PBXGroup;
			children = (
				C19B033641493877E6627937 /* Music */,
				23889553F7FE8F468EAD51EE /* SFX */,
				8C2B3691E48416E33D7438E0 /* Voice */,
			);
			path = Sounds;
			sourceTree = "<group>";
		};
		D8BD11433621A38AB7592F4D /* NoomLogic */ = {
			isa = PBXGroup;
			children = (
				B44063B24A5450B805BB9940 /* NoomMergeLogicTests.swift */,
				348682DB8233AD6BD04A6B65 /* NoomSplitLogicTests.swift */,
			);
			path = NoomLogic;
			sourceTree = "<group>";
		};
		E40FFAE35C028ABC8FE81D8B /* AdaptiveEngine */ = {
			isa = PBXGroup;
			children = (
				A50EC3636C7C728433B8256B /* DifficultyManagerTests.swift */,
				B032E93606C6F6A5C51AE38A /* L5L6GenerationTests.swift */,
				E8439E1819D944601B74054F /* NoomQuestionGeneratorTests.swift */,
				7371076232AB2040023448E2 /* QuestionGeneratorTests.swift */,
			);
			path = AdaptiveEngine;
			sourceTree = "<group>";
		};
		E6BD89A78358A5321B5CB21F /* Adventure */ = {
			isa = PBXGroup;
			children = (
				A4C1285EADB5202A217E4B29 /* AdventureSessionView.swift */,
				5E727938E4AF00D8CBBEA1E3 /* AdventureSessionViewModel.swift */,
				56EDFFEBC5B174764BA2E1B7 /* Balance */,
				7E45E63B878198F3BBADE359 /* NumberTrain */,
				26460A6923C6D4F7BF76B310 /* PickFruit */,
				1EA1C7DEA2FE67C56D929AC7 /* ShareFruit */,
			);
			path = Adventure;
			sourceTree = "<group>";
		};
		E7EE0F487E96BDD39485C0E7 /* NumberOrchard */ = {
			isa = PBXGroup;
			children = (
				5601866819D0E921342E63A4 /* App */,
				33ED031A4A67D08A9EFCDC5E /* Core */,
				B399E474F8CEB7E31F6026A0 /* Features */,
				02E0D9626C323931E5E01118 /* Resources */,
			);
			path = NumberOrchard;
			sourceTree = "<group>";
		};
		EB12209FCCF7D3DD0B6EFCC1 /* NoomForest */ = {
			isa = PBXGroup;
			children = (
				C98A9C6C3C849D2410D33761 /* CollectedNoomTests.swift */,
			);
			path = NoomForest;
			sourceTree = "<group>";
		};
		ECACDB2A65B0C1CF7B41E63A /* Rewards */ = {
			isa = PBXGroup;
			children = (
				4F3955C8B6279F8E0709080A /* RewardCalculator.swift */,
			);
			path = Rewards;
			sourceTree = "<group>";
		};
		F1DF74FF908AB4EE255B1046 /* Features */ = {
			isa = PBXGroup;
			children = (
				BE89C3DAEA39988A4F184B56 /* Adventure */,
				5541ABB2040346C3C03B80E6 /* DailyFlow */,
				EB12209FCCF7D3DD0B6EFCC1 /* NoomForest */,
				6653F7663003C8AAB8CD2AC2 /* Orchard */,
				04E429F661EF6C4DEE17F324 /* ParentChild */,
			);
			path = Features;
			sourceTree = "<group>";
		};
		F3FF9737B69A1CBCCFA815A8 /* Models */ = {
			isa = PBXGroup;
			children = (
				96BB54E58FBEE26A9755A642 /* NoomCatalogTests.swift */,
				650B25FD8B3C008CA6632525 /* OrchardStateTests.swift */,
			);
			path = Models;
			sourceTree = "<group>";
		};
		F972ECF8C73B7E44FA12DE77 /* Exploration */ = {
			isa = PBXGroup;
			children = (
				657E3FED607855E96CCD1DD9 /* MapProgressionLogic.swift */,
			);
			path = Exploration;
			sourceTree = "<group>";
		};
/* End PBXGroup section */

/* Begin PBXNativeTarget section */
		211AC28D1B66227BAB14F2C7 /* NumberOrchard */ = {
			isa = PBXNativeTarget;
			buildConfigurationList = FAA600E00EE41C5AD1DF764E /* Build configuration list for PBXNativeTarget "NumberOrchard" */;
			buildPhases = (
				78A33DAD2A645554D177F269 /* Sources */,
				2799982185CD9CE579480BF2 /* Resources */,
			);
			buildRules = (
			);
			dependencies = (
			);
			name = NumberOrchard;
			packageProductDependencies = (
			);
			productName = NumberOrchard;
			productReference = 489AD9724C88E35591B15085 /* NumberOrchard.app */;
			productType = "com.apple.product-type.application";
		};
		C0E95BB2F321E4D61A86C2B7 /* NumberOrchardTests */ = {
			isa = PBXNativeTarget;
			buildConfigurationList = 83BEE8C76D8A6DA0090ADCB2 /* Build configuration list for PBXNativeTarget "NumberOrchardTests" */;
			buildPhases = (
				4FF6B60F1A2109164CBBC30D /* Sources */,
			);
			buildRules = (
			);
			dependencies = (
				AE9BA507D45A5789F1192C6E /* PBXTargetDependency */,
			);
			name = NumberOrchardTests;
			packageProductDependencies = (
			);
			productName = NumberOrchardTests;
			productReference = 981EB1F28BB3F69A5C6388FA /* NumberOrchardTests.xctest */;
			productType = "com.apple.product-type.bundle.unit-test";
		};
/* End PBXNativeTarget section */

/* Begin PBXProject section */
		D6ACCCBB442C424FC31339F7 /* Project object */ = {
			isa = PBXProject;
			attributes = {
				BuildIndependentTargetsInParallel = YES;
				LastUpgradeCheck = 1600;
				TargetAttributes = {
				};
			};
			buildConfigurationList = 6E691B4C98F4E9192C2B18B8 /* Build configuration list for PBXProject "NumberOrchard" */;
			developmentRegion = en;
			hasScannedForEncodings = 0;
			knownRegions = (
				Base,
				en,
			);
			mainGroup = 3E6476D9B9C7AD25C202E80D;
			minimizedProjectReferenceProxies = 1;
			preferredProjectObjectVersion = 77;
			productRefGroup = 091F9E241BD46B2D6D08092C /* Products */;
			projectDirPath = "";
			projectRoot = "";
			targets = (
				211AC28D1B66227BAB14F2C7 /* NumberOrchard */,
				C0E95BB2F321E4D61A86C2B7 /* NumberOrchardTests */,
			);
		};
/* End PBXProject section */

/* Begin PBXResourcesBuildPhase section */
		2799982185CD9CE579480BF2 /* Resources */ = {
			isa = PBXResourcesBuildPhase;
			buildActionMask = 2147483647;
			files = (
				8146CECFFE7FBE2EAF6949E8 /* Assets.xcassets in Resources */,
				5D07A6D24DEC9AB1C988C905 /* adventure_bgm.wav in Resources */,
				3937E775F90238CF3C265E70 /* balance.wav in Resources */,
				EDF37794BDD6E171477CA3D7 /* button_click.wav in Resources */,
				2BEA113849052AD21A1C2DA3 /* combo_03.aiff in Resources */,
				7FD391BDEC66EC23F8DA48C7 /* combo_05.aiff in Resources */,
				EC412EF08F3FFF4130F01B6D /* combo_07.aiff in Resources */,
				3429843323A048D9A3E03C64 /* correct.wav in Resources */,
				185AE7E8833D327E12B076F9 /* correct_01.aiff in Resources */,
				1D97DFC6CF221E41A3CA3D08 /* correct_02.aiff in Resources */,
				38827EF7F89FB3860E7AFE68 /* correct_03.aiff in Resources */,
				4B982840B4B8DC7F66D1356B /* correct_04.aiff in Resources */,
				1F6D8246E9F38FAA301AF234 /* correct_05.aiff in Resources */,
				09FDE69EE1B2EA4E2D36452B /* eye_care.aiff in Resources */,
				367C8CF3CDBBC9D1F677E156 /* fruit_drop.wav in Resources */,
				05E9E883F9EA4E8B2FCECA6B /* fruit_pick.wav in Resources */,
				31C1B5B12043369C95EAD022 /* home_bgm.wav in Resources */,
				69DA0892B5865BD4CBBE6779 /* idle_hint.aiff in Resources */,
				B0A143F5AF18EFF07724DCC6 /* level_up.wav in Resources */,
				F6D66B016584FA7C89D58F94 /* pick_too_many.aiff in Resources */,
				C8B92790BC03E6B291AF3ECD /* share_check.aiff in Resources */,
				4FAA3D31D9B0FC8C7421DCD7 /* star_collect.wav in Resources */,
				75A384440A662CAEF58C193A /* welcome.aiff in Resources */,
				44B006F9FAA275C62DD55DE8 /* wrong.wav in Resources */,
				7C76D720642EB525CB5E7154 /* wrong_help.aiff in Resources */,
				97F683BED87061B0D3AB77D8 /* wrong_hint.aiff in Resources */,
			);
			runOnlyForDeploymentPostprocessing = 0;
		};
/* End PBXResourcesBuildPhase section */

/* Begin PBXSourcesBuildPhase section */
		4FF6B60F1A2109164CBBC30D /* Sources */ = {
			isa = PBXSourcesBuildPhase;
			buildActionMask = 2147483647;
			files = (
				6C8CD1ED18BC4F15CDC91317 /* BalanceLogicTests.swift in Sources */,
				42A248AD182B20E6B6D95592 /* CollectedNoomTests.swift in Sources */,
				BCA7AC3C4B65AA03EB239DD9 /* DecorationInventoryTests.swift in Sources */,
				FC9B8A538D681E8CA7E1A1B6 /* DifficultyManagerTests.swift in Sources */,
				B646740DB6F9DBCFBB72324C /* EyeCareManagerTests.swift in Sources */,
				DDE96EC2A6977A2D1632DC25 /* FruitCollectionTests.swift in Sources */,
				3CD21FE04267865A22939A00 /* L5L6GenerationTests.swift in Sources */,
				556792948EBD7FB6269FC285 /* MapProgressionLogicTests.swift in Sources */,
				8BB297703389E441A70AC884 /* NoomCatalogTests.swift in Sources */,
				4DC3C25A478ECDED5F2135BD /* NoomMergeLogicTests.swift in Sources */,
				2ADB4691A50F66D36C648D6E /* NoomQuestionGeneratorTests.swift in Sources */,
				8FA7FF4FBF3AEE7BD9B554C5 /* NoomSplitLogicTests.swift in Sources */,
				D2E193779D4260CE466C9139 /* NumberTrainLogicTests.swift in Sources */,
				8274429A906D497B48987193 /* OrchardStateTests.swift in Sources */,
				6D6DC4422294A775C4EDE4B9 /* ParentBattleTests.swift in Sources */,
				3DA4CBF39253A04C5F7B62DD /* PickFruitLogicTests.swift in Sources */,
				65EB313F2D50B6360F71C079 /* QuestionGeneratorTests.swift in Sources */,
				5838DE7F03C5C7037EF0C7D1 /* RewardCalculatorTests.swift in Sources */,
				00C6C802DB77AA322E48EB1B /* ShareFruitLogicTests.swift in Sources */,
			);
			runOnlyForDeploymentPostprocessing = 0;
		};
		78A33DAD2A645554D177F269 /* Sources */ = {
			isa = PBXSourcesBuildPhase;
			buildActionMask = 2147483647;
			files = (
				C36D0BD74A3D839CB2D16011 /* AdventureSessionView.swift in Sources */,
				CE1BF32BBC91FAFD41CED993 /* AdventureSessionViewModel.swift in Sources */,
				8F595EF559A7870F3EB605FB /* AppCoordinator.swift in Sources */,
				35626976F61FA247618FFFCD /* AudioManager.swift in Sources */,
				D99FBEC5776E93A193F488B6 /* BalanceScene.swift in Sources */,
				1AB00DEF60A8CAB67510C272 /* BalanceView.swift in Sources */,
				0759F6E3107B969B90869C0A /* BasicReportView.swift in Sources */,
				E61761F7D616149824277D14 /* BattleView.swift in Sources */,
				4E39CA0413A41901DD1F2FC2 /* BattleViewModel.swift in Sources */,
				F413CE247B9DAA5E88AC3B28 /* CartoonSpriteKit.swift in Sources */,
				9CEEF7A1A1EB0E54D83352A2 /* CartoonUI.swift in Sources */,
				B685D99B1591521148186507 /* CheckInView.swift in Sources */,
				3FD5934316B6213C4BB38D0B /* ChildProfile.swift in Sources */,
				F36B75DB4909C4346FB6E92A /* CollectedDecoration.swift in Sources */,
				53426505444B3FCD1EB344CE /* CollectedFruit.swift in Sources */,
				6DF427575DC41DB9B81DA099 /* CollectedNoom.swift in Sources */,
				D26D178B8F0C646AE7AD7461 /* DecorateOrchardView.swift in Sources */,
				403C228C46DD174FE148BD7A /* DecorationCatalog.swift in Sources */,
				7AD669ED61EE9C50091794FD /* DecorationPurchaseLogic.swift in Sources */,
				DFA3DD06D74405D9F3D001AC /* DifficultyLevel.swift in Sources */,
				EA11573FE0027424DAFD7110 /* DifficultyManager.swift in Sources */,
				34394284F406C56730D61DE1 /* ExplorationMapView.swift in Sources */,
				3291A8894AC4CC367DE1DE20 /* ExplorationMapViewModel.swift in Sources */,
				09758ACC61056C68DD5C924A /* EyeCareManager.swift in Sources */,
				3699E75146A40F203610453B /* FruitCatalog.swift in Sources */,
				EF7C71B1A8C666416FA0EA1B /* FruitCollectionView.swift in Sources */,
				0DC967DA6DBBF0122EDDB838 /* HomeView.swift in Sources */,
				A83A880A0C0DA7A1C1F4CDC7 /* HomeViewModel.swift in Sources */,
				4457D6DBFB67C06388E084C0 /* LearningProfile.swift in Sources */,
				FECD7ED716E074CCBCA3EF40 /* LearningSession.swift in Sources */,
				3BCD91B13F5DB3093802DA0C /* MapCatalog.swift in Sources */,
				34DFD7D4AEA20293BED88E88 /* MapProgressionLogic.swift in Sources */,
				D0847A5A7F26D9F1A39EB230 /* MathQuestion.swift in Sources */,
				6B9820C7D6EA2726A0C9E65E /* Noom.swift in Sources */,
				0D863C203BECF6C3D3EA13DD /* NoomChallengeScene.swift in Sources */,
				A7F2DC617F4178E54401DB5C /* NoomChallengeSessionView.swift in Sources */,
				1AA96E102102F42CAAE7CD8F /* NoomChallengeView.swift in Sources */,
				94172F8CFFD39C0EB3831B21 /* NoomChallengeViewModel.swift in Sources */,
				36ACDC3D143601E3A2E70C09 /* NoomForestView.swift in Sources */,
				7BA2B379DC698CDE5195C2EC /* NoomForestViewModel.swift in Sources */,
				59CEED9C0DB2C64746AEB92B /* NoomMergeLogic.swift in Sources */,
				841262A765119064A349A2B2 /* NoomQuestionGenerator.swift in Sources */,
				01E8C5240C61FACE54312723 /* NoomRenderer.swift in Sources */,
				1F327F704CE207EA4EAC67F3 /* NoomSplitLogic.swift in Sources */,
				28DE172458CC22794974AC32 /* NumberOrchardApp.swift in Sources */,
				3A924772A2997942BE464F32 /* NumberTrainScene.swift in Sources */,
				845D58CDFA5C5E4B3ABBF09C /* NumberTrainView.swift in Sources */,
				119D1A6A4B9696A64846FEEC /* OrchardEditView.swift in Sources */,
				9A2C5B0DAD1F20F709F1E62E /* OrchardState.swift in Sources */,
				EFBB489C0BDEE8A3C9726948 /* ParentCenterView.swift in Sources */,
				F27F938C8ABB798A3C0F92E7 /* ParentQuestionGenerator.swift in Sources */,
				94B2E5B9CDB623602021DCF8 /* ParentalGateView.swift in Sources */,
				3091EFA73A8985DD336D9C2A /* PickFruitScene.swift in Sources */,
				CD3FE2054CC33AB6E330629A /* PickFruitView.swift in Sources */,
				C11437988B04C75CA42D11F7 /* PlacedDecorationView.swift in Sources */,
				D216E88A1D37B932CA4C7A04 /* QuestionGenerator.swift in Sources */,
				087CB3E331AB2662E7AA9257 /* QuestionRecord.swift in Sources */,
				D8CD90D952A88FE5EA3CD4DD /* RewardCalculator.swift in Sources */,
				2EDC9FAA6BA46D1E812F7CFE /* SettingsView.swift in Sources */,
				699697391AA5E9ABF895DE97 /* ShareFruitScene.swift in Sources */,
				809C8AB283D466A882D7D97C /* ShareFruitView.swift in Sources */,
				DAAF5FD3BC7DF062F5DE54B0 /* StationDetailView.swift in Sources */,
				01B969F9B736A4C8258A8AAF /* StationProgress.swift in Sources */,
				5051AF2EDE3B6BB5078C9E4F /* TreeGrowthView.swift in Sources */,
				1A9D416FD999C1A609F2C0FD /* TreeGrowthViewModel.swift in Sources */,
			);
			runOnlyForDeploymentPostprocessing = 0;
		};
/* End PBXSourcesBuildPhase section */

/* Begin PBXTargetDependency section */
		AE9BA507D45A5789F1192C6E /* PBXTargetDependency */ = {
			isa = PBXTargetDependency;
			target = 211AC28D1B66227BAB14F2C7 /* NumberOrchard */;
			targetProxy = D5FB7F3B51B86EA5BAF72D2F /* PBXContainerItemProxy */;
		};
/* End PBXTargetDependency section */

/* Begin XCBuildConfiguration section */
		10CA5CE27906CB627EAC6DE5 /* Debug */ = {
			isa = XCBuildConfiguration;
			buildSettings = {
				BUNDLE_LOADER = "$(TEST_HOST)";
				LD_RUNPATH_SEARCH_PATHS = (
					"$(inherited)",
					"@executable_path/Frameworks",
					"@loader_path/Frameworks",
				);
				PRODUCT_BUNDLE_IDENTIFIER = com.numberorchard.tests;
				SDKROOT = iphoneos;
				TARGETED_DEVICE_FAMILY = "1,2";
				TEST_HOST = "$(BUILT_PRODUCTS_DIR)/NumberOrchard.app/NumberOrchard";
			};
			name = Debug;
		};
		1BE57E36AD9F47DC92D6F31E /* Release */ = {
			isa = XCBuildConfiguration;
			buildSettings = {
				BUNDLE_LOADER = "$(TEST_HOST)";
				LD_RUNPATH_SEARCH_PATHS = (
					"$(inherited)",
					"@executable_path/Frameworks",
					"@loader_path/Frameworks",
				);
				PRODUCT_BUNDLE_IDENTIFIER = com.numberorchard.tests;
				SDKROOT = iphoneos;
				TARGETED_DEVICE_FAMILY = "1,2";
				TEST_HOST = "$(BUILT_PRODUCTS_DIR)/NumberOrchard.app/NumberOrchard";
			};
			name = Release;
		};
		4720B42BC07A730CE25D7C2F /* Debug */ = {
			isa = XCBuildConfiguration;
			buildSettings = {
				ALWAYS_SEARCH_USER_PATHS = NO;
				CLANG_ANALYZER_NONNULL = YES;
				CLANG_ANALYZER_NUMBER_OBJECT_CONVERSION = YES_AGGRESSIVE;
				CLANG_CXX_LANGUAGE_STANDARD = "gnu++14";
				CLANG_CXX_LIBRARY = "libc++";
				CLANG_ENABLE_MODULES = YES;
				CLANG_ENABLE_OBJC_ARC = YES;
				CLANG_ENABLE_OBJC_WEAK = YES;
				CLANG_WARN_BLOCK_CAPTURE_AUTORELEASING = YES;
				CLANG_WARN_BOOL_CONVERSION = YES;
				CLANG_WARN_COMMA = YES;
				CLANG_WARN_CONSTANT_CONVERSION = YES;
				CLANG_WARN_DEPRECATED_OBJC_IMPLEMENTATIONS = YES;
				CLANG_WARN_DIRECT_OBJC_ISA_USAGE = YES_ERROR;
				CLANG_WARN_DOCUMENTATION_COMMENTS = YES;
				CLANG_WARN_EMPTY_BODY = YES;
				CLANG_WARN_ENUM_CONVERSION = YES;
				CLANG_WARN_INFINITE_RECURSION = YES;
				CLANG_WARN_INT_CONVERSION = YES;
				CLANG_WARN_NON_LITERAL_NULL_CONVERSION = YES;
				CLANG_WARN_OBJC_IMPLICIT_RETAIN_SELF = YES;
				CLANG_WARN_OBJC_LITERAL_CONVERSION = YES;
				CLANG_WARN_OBJC_ROOT_CLASS = YES_ERROR;
				CLANG_WARN_QUOTED_INCLUDE_IN_FRAMEWORK_HEADER = YES;
				CLANG_WARN_RANGE_LOOP_ANALYSIS = YES;
				CLANG_WARN_STRICT_PROTOTYPES = YES;
				CLANG_WARN_SUSPICIOUS_MOVE = YES;
				CLANG_WARN_UNGUARDED_AVAILABILITY = YES_AGGRESSIVE;
				CLANG_WARN_UNREACHABLE_CODE = YES;
				CLANG_WARN__DUPLICATE_METHOD_MATCH = YES;
				COPY_PHASE_STRIP = NO;
				CURRENT_PROJECT_VERSION = 1;
				DEBUG_INFORMATION_FORMAT = dwarf;
				ENABLE_STRICT_OBJC_MSGSEND = YES;
				ENABLE_TESTABILITY = YES;
				GCC_C_LANGUAGE_STANDARD = gnu11;
				GCC_DYNAMIC_NO_PIC = NO;
				GCC_NO_COMMON_BLOCKS = YES;
				GCC_OPTIMIZATION_LEVEL = 0;
				GCC_PREPROCESSOR_DEFINITIONS = (
					"$(inherited)",
					"DEBUG=1",
				);
				GCC_WARN_64_TO_32_BIT_CONVERSION = YES;
				GCC_WARN_ABOUT_RETURN_TYPE = YES_ERROR;
				GCC_WARN_UNDECLARED_SELECTOR = YES;
				GCC_WARN_UNINITIALIZED_AUTOS = YES_AGGRESSIVE;
				GCC_WARN_UNUSED_FUNCTION = YES;
				GCC_WARN_UNUSED_VARIABLE = YES;
				GENERATE_INFOPLIST_FILE = YES;
				INFOPLIST_KEY_UILaunchScreen_Generation = YES;
				INFOPLIST_KEY_UISupportedInterfaceOrientations_iPad = "UIInterfaceOrientationLandscapeLeft UIInterfaceOrientationLandscapeRight";
				IPHONEOS_DEPLOYMENT_TARGET = 17.0;
				MARKETING_VERSION = 1.0.0;
				MTL_ENABLE_DEBUG_INFO = INCLUDE_SOURCE;
				MTL_FAST_MATH = YES;
				ONLY_ACTIVE_ARCH = YES;
				PRODUCT_NAME = "$(TARGET_NAME)";
				SDKROOT = iphoneos;
				SWIFT_ACTIVE_COMPILATION_CONDITIONS = DEBUG;
				SWIFT_OPTIMIZATION_LEVEL = "-Onone";
				SWIFT_STRICT_CONCURRENCY = complete;
				SWIFT_VERSION = 6.0;
				TARGETED_DEVICE_FAMILY = 2;
			};
			name = Debug;
		};
		79FF54C68722EAB68F203731 /* Release */ = {
			isa = XCBuildConfiguration;
			buildSettings = {
				ASSETCATALOG_COMPILER_APPICON_NAME = AppIcon;
				CODE_SIGN_IDENTITY = "iPhone Developer";
				LD_RUNPATH_SEARCH_PATHS = (
					"$(inherited)",
					"@executable_path/Frameworks",
				);
				PRODUCT_BUNDLE_IDENTIFIER = com.numberorchard.app;
				SDKROOT = iphoneos;
				TARGETED_DEVICE_FAMILY = "1,2";
			};
			name = Release;
		};
		CE4B930EA52445B29CA05DCB /* Release */ = {
			isa = XCBuildConfiguration;
			buildSettings = {
				ALWAYS_SEARCH_USER_PATHS = NO;
				CLANG_ANALYZER_NONNULL = YES;
				CLANG_ANALYZER_NUMBER_OBJECT_CONVERSION = YES_AGGRESSIVE;
				CLANG_CXX_LANGUAGE_STANDARD = "gnu++14";
				CLANG_CXX_LIBRARY = "libc++";
				CLANG_ENABLE_MODULES = YES;
				CLANG_ENABLE_OBJC_ARC = YES;
				CLANG_ENABLE_OBJC_WEAK = YES;
				CLANG_WARN_BLOCK_CAPTURE_AUTORELEASING = YES;
				CLANG_WARN_BOOL_CONVERSION = YES;
				CLANG_WARN_COMMA = YES;
				CLANG_WARN_CONSTANT_CONVERSION = YES;
				CLANG_WARN_DEPRECATED_OBJC_IMPLEMENTATIONS = YES;
				CLANG_WARN_DIRECT_OBJC_ISA_USAGE = YES_ERROR;
				CLANG_WARN_DOCUMENTATION_COMMENTS = YES;
				CLANG_WARN_EMPTY_BODY = YES;
				CLANG_WARN_ENUM_CONVERSION = YES;
				CLANG_WARN_INFINITE_RECURSION = YES;
				CLANG_WARN_INT_CONVERSION = YES;
				CLANG_WARN_NON_LITERAL_NULL_CONVERSION = YES;
				CLANG_WARN_OBJC_IMPLICIT_RETAIN_SELF = YES;
				CLANG_WARN_OBJC_LITERAL_CONVERSION = YES;
				CLANG_WARN_OBJC_ROOT_CLASS = YES_ERROR;
				CLANG_WARN_QUOTED_INCLUDE_IN_FRAMEWORK_HEADER = YES;
				CLANG_WARN_RANGE_LOOP_ANALYSIS = YES;
				CLANG_WARN_STRICT_PROTOTYPES = YES;
				CLANG_WARN_SUSPICIOUS_MOVE = YES;
				CLANG_WARN_UNGUARDED_AVAILABILITY = YES_AGGRESSIVE;
				CLANG_WARN_UNREACHABLE_CODE = YES;
				CLANG_WARN__DUPLICATE_METHOD_MATCH = YES;
				COPY_PHASE_STRIP = NO;
				CURRENT_PROJECT_VERSION = 1;
				DEBUG_INFORMATION_FORMAT = "dwarf-with-dsym";
				ENABLE_NS_ASSERTIONS = NO;
				ENABLE_STRICT_OBJC_MSGSEND = YES;
				GCC_C_LANGUAGE_STANDARD = gnu11;
				GCC_NO_COMMON_BLOCKS = YES;
				GCC_WARN_64_TO_32_BIT_CONVERSION = YES;
				GCC_WARN_ABOUT_RETURN_TYPE = YES_ERROR;
				GCC_WARN_UNDECLARED_SELECTOR = YES;
				GCC_WARN_UNINITIALIZED_AUTOS = YES_AGGRESSIVE;
				GCC_WARN_UNUSED_FUNCTION = YES;
				GCC_WARN_UNUSED_VARIABLE = YES;
				GENERATE_INFOPLIST_FILE = YES;
				INFOPLIST_KEY_UILaunchScreen_Generation = YES;
				INFOPLIST_KEY_UISupportedInterfaceOrientations_iPad = "UIInterfaceOrientationLandscapeLeft UIInterfaceOrientationLandscapeRight";
				IPHONEOS_DEPLOYMENT_TARGET = 17.0;
				MARKETING_VERSION = 1.0.0;
				MTL_ENABLE_DEBUG_INFO = NO;
				MTL_FAST_MATH = YES;
				PRODUCT_NAME = "$(TARGET_NAME)";
				SDKROOT = iphoneos;
				SWIFT_COMPILATION_MODE = wholemodule;
				SWIFT_OPTIMIZATION_LEVEL = "-O";
				SWIFT_STRICT_CONCURRENCY = complete;
				SWIFT_VERSION = 6.0;
				TARGETED_DEVICE_FAMILY = 2;
			};
			name = Release;
		};
		E8AECAC9831C015FCDA8CFFF /* Debug */ = {
			isa = XCBuildConfiguration;
			buildSettings = {
				ASSETCATALOG_COMPILER_APPICON_NAME = AppIcon;
				CODE_SIGN_IDENTITY = "iPhone Developer";
				LD_RUNPATH_SEARCH_PATHS = (
					"$(inherited)",
					"@executable_path/Frameworks",
				);
				PRODUCT_BUNDLE_IDENTIFIER = com.numberorchard.app;
				SDKROOT = iphoneos;
				TARGETED_DEVICE_FAMILY = "1,2";
			};
			name = Debug;
		};
/* End XCBuildConfiguration section */

/* Begin XCConfigurationList section */
		6E691B4C98F4E9192C2B18B8 /* Build configuration list for PBXProject "NumberOrchard" */ = {
			isa = XCConfigurationList;
			buildConfigurations = (
				4720B42BC07A730CE25D7C2F /* Debug */,
				CE4B930EA52445B29CA05DCB /* Release */,
			);
			defaultConfigurationIsVisible = 0;
			defaultConfigurationName = Debug;
		};
		83BEE8C76D8A6DA0090ADCB2 /* Build configuration list for PBXNativeTarget "NumberOrchardTests" */ = {
			isa = XCConfigurationList;
			buildConfigurations = (
				10CA5CE27906CB627EAC6DE5 /* Debug */,
				1BE57E36AD9F47DC92D6F31E /* Release */,
			);
			defaultConfigurationIsVisible = 0;
			defaultConfigurationName = Debug;
		};
		FAA600E00EE41C5AD1DF764E /* Build configuration list for PBXNativeTarget "NumberOrchard" */ = {
			isa = XCConfigurationList;
			buildConfigurations = (
				E8AECAC9831C015FCDA8CFFF /* Debug */,
				79FF54C68722EAB68F203731 /* Release */,
			);
			defaultConfigurationIsVisible = 0;
			defaultConfigurationName = Debug;
		};
/* End XCConfigurationList section */
	};
	rootObject = D6ACCCBB442C424FC31339F7 /* Project object */;
}
